
Microsoft Visual Studio Solution File, Format Version 12.00
# Visual Studio Version 16
VisualStudioVersion = 16.0.32106.194
MinimumVisualStudioVersion = 10.0.40219.1
Project("{9A19103F-16F7-4668-BE54-9A1E7A4F7556}") = "KampIntro", "KampIntro\KampIntro.csproj", "{8EA5C7B2-8026-4317-9155-A27770D5B113}"
EndProject
Project("{9A19103F-16F7-4668-BE54-9A1E7A4F7556}") = "Donguler", "Donguler\Donguler.csproj", "{1D69E82D-90BE-4D4F-B37D-39C7DDE375C9}"
EndProject
Project("{9A19103F-16F7-4668-BE54-9A1E7A4F7556}") = "ClassIntro", "ClassIntro\ClassIntro.csproj", "{F3B00893-EA3A-4AD3-80B6-2CB8DFD6FB51}"
EndProject
Project("{9A19103F-16F7-4668-BE54-9A1E7A4F7556}") = "Day 2 QUIZ Basit Basketbolcu Takip Sistemi", "Day 2 QUIZ Basit Basketbolcu Takip Sistemi\Day 2 QUIZ Basit Basketbolcu Takip Sistemi.csproj", "{0046CA4C-1137-4829-8310-647EBC3C9041}"
EndProject
Project("{9A19103F-16F7-4668-BE54-9A1E7A4F7556}") = "Methods", "Methods\Methods.csproj", "{EA2D73FD-5B37-4A4E-B203-5E24CCC7D643}"
EndProject
Project("{FAE04EC0-301F-11D3-BF4B-00C04F79EFBC}") = "Matematik", "Matematik\Matematik.csproj", "{2B5EA35B-8395-4B69-BF2A-4D68FAD5AF8F}"
EndProject
Global
	GlobalSection(SolutionConfigurationPlatforms) = preSolution
		Debug|Any CPU = Debug|Any CPU
		Release|Any CPU = Release|Any CPU
	EndGlobalSection
	GlobalSection(ProjectConfigurationPlatforms) = postSolution
		{8EA5C7B2-8026-4317-9155-A27770D5B113}.Debug|Any CPU.ActiveCfg = Debug|Any CPU
		{8EA5C7B2-8026-4317-9155-A27770D5B113}.Debug|Any CPU.Build.0 = Debug|Any CPU
		{8EA5C7B2-8026-4317-9155-A27770D5B113}.Release|Any CPU.ActiveCfg = Release|Any CPU
		{8EA5C7B2-8026-4317-9155-A27770D5B113}.Release|Any CPU.Build.0 = Release|Any CPU
		{1D69E82D-90BE-4D4F-B37D-39C7DDE375C9}.Debug|Any CPU.ActiveCfg = Debug|Any CPU
		{1D69E82D-90BE-4D4F-B37D-39C7DDE375C9}.Debug|Any CPU.Build.0 = Debug|Any CPU
		{1D69E82D-90BE-4D4F-B37D-39C7DDE375C9}.Release|Any CPU.ActiveCfg = Release|Any CPU
		{1D69E82D-90BE-4D4F-B37D-39C7DDE375C9}.Release|Any CPU.Build.0 = Release|Any CPU
		{F3B00893-EA3A-4AD3-80B6-2CB8DFD6FB51}.Debug|Any CPU.ActiveCfg = Debug|Any CPU
		{F3B00893-EA3A-4AD3-80B6-2CB8DFD6FB51}.Debug|Any CPU.Build.0 = Debug|Any CPU
		{F3B00893-EA3A-4AD3-80B6-2CB8DFD6FB51}.Release|Any CPU.ActiveCfg = Release|Any CPU
		{F3B00893-EA3A-4AD3-80B6-2CB8DFD6FB51}.Release|Any CPU.Build.0 = Release|Any CPU
		{0046CA4C-1137-4829-8310-647EBC3C9041}.Debug|Any CPU.ActiveCfg = Debug|Any CPU
		{0046CA4C-1137-4829-8310-647EBC3C9041}.Debug|Any CPU.Build.0 = Debug|Any CPU
		{0046CA4C-1137-4829-8310-647EBC3C9041}.Release|Any CPU.ActiveCfg = Release|Any CPU
		{0046CA4C-1137-4829-8310-647EBC3C9041}.Release|Any CPU.Build.0 = Release|Any CPU
		{EA2D73FD-5B37-4A4E-B203-5E24CCC7D643}.Debug|Any CPU.ActiveCfg = Debug|Any CPU
		{EA2D73FD-5B37-4A4E-B203-5E24CCC7D643}.Debug|Any CPU.Build.0 = Debug|Any CPU
		{EA2D73FD-5B37-4A4E-B203-5E24CCC7D643}.Release|Any CPU.ActiveCfg = Release|Any CPU
		{EA2D73FD-5B37-4A4E-B203-5E24CCC7D643}.Release|Any CPU.Build.0 = Release|Any CPU
		{2B5EA35B-8395-4B69-BF2A-4D68FAD5AF8F}.Debug|Any CPU.ActiveCfg = Debug|Any CPU
		{2B5EA35B-8395-4B69-BF2A-4D68FAD5AF8F}.Debug|Any CPU.Build.0 = Debug|Any CPU
		{2B5EA35B-8395-4B69-BF2A-4D68FAD5AF8F}.Release|Any CPU.ActiveCfg = Release|Any CPU
		{2B5EA35B-8395-4B69-BF2A-4D68FAD5AF8F}.Release|Any CPU.Build.0 = Release|Any CPU
	EndGlobalSection
	GlobalSection(SolutionProperties) = preSolution
		HideSolutionNode = FALSE
	EndGlobalSection
	GlobalSection(ExtensibilityGlobals) = postSolution
		SolutionGuid = {CCB0A13A-70A9-4496-9A12-C73BC39A68AF}
	EndGlobalSection
EndGlobal
